
Microsoft Visual Studio Solution File, Format Version 12.00
# Visual Studio Version 16
VisualStudioVersion = 16.0.32413.511
MinimumVisualStudioVersion = 10.0.40219.1
Project("{FAE04EC0-301F-11D3-BF4B-00C04F79EFBC}") = "climate_MVC", "climate_MVC.csproj", "{7F38687F-A497-4883-BFC2-467271CC3BB3}"
EndProject
Global
	GlobalSection(SolutionConfigurationPlatforms) = preSolution
		Debug|Any CPU = Debug|Any CPU
		Release|Any CPU = Release|Any CPU
	EndGlobalSection
	GlobalSection(ProjectConfigurationPlatforms) = postSolution
		{7F38687F-A497-4883-BFC2-467271CC3BB3}.Debug|Any CPU.ActiveCfg = Debug|Any CPU
		{7F38687F-A497-4883-BFC2-467271CC3BB3}.Debug|Any CPU.Build.0 = Debug|Any CPU
		{7F38687F-A497-4883-BFC2-467271CC3BB3}.Release|Any CPU.ActiveCfg = Release|Any CPU
		{7F38687F-A497-4883-BFC2-467271CC3BB3}.Release|Any CPU.Build.0 = Release|Any CPU
	EndGlobalSection
	GlobalSection(SolutionProperties) = preSolution
		HideSolutionNode = FALSE
	EndGlobalSection
	GlobalSection(ExtensibilityGlobals) = postSolution
		SolutionGuid = {B1E5848F-101A-4AD3-8D12-0AE5A9025839}
	EndGlobalSection
EndGlobal
